
Microsoft Visual Studio Solution File, Format Version 12.00
# Visual Studio Version 17
VisualStudioVersion = 17.14.36408.4 d17.14
MinimumVisualStudioVersion = 10.0.40219.1
Project("{FAE04EC0-301F-11D3-BF4B-00C04F79EFBC}") = "Ejercicio1", "Ejercicio1\Ejercicio1.csproj", "{817036C7-E1B8-4F3F-8489-554C7B807A40}"
EndProject
Project("{FAE04EC0-301F-11D3-BF4B-00C04F79EFBC}") = "Ejercicio2", "Ejercicio2\Ejercicio2.csproj", "{8ED5723F-0658-4C75-8342-5AF439DA9015}"
EndProject
Project("{FAE04EC0-301F-11D3-BF4B-00C04F79EFBC}") = "Negocio", "Negocio\Negocio.csproj", "{9ADC02A6-EE27-43DA-A904-B586F05F8D7C}"
EndProject
Project("{FAE04EC0-301F-11D3-BF4B-00C04F79EFBC}") = "Ejercicio3", "Ejercicio3\Ejercicio3.csproj", "{1666AFE4-705E-4F2D-A4F1-928A6A438BF3}"
EndProject
Global
	GlobalSection(SolutionConfigurationPlatforms) = preSolution
		Debug|Any CPU = Debug|Any CPU
		Release|Any CPU = Release|Any CPU
	EndGlobalSection
	GlobalSection(ProjectConfigurationPlatforms) = postSolution
		{817036C7-E1B8-4F3F-8489-554C7B807A40}.Debug|Any CPU.ActiveCfg = Debug|Any CPU
		{817036C7-E1B8-4F3F-8489-554C7B807A40}.Debug|Any CPU.Build.0 = Debug|Any CPU
		{817036C7-E1B8-4F3F-8489-554C7B807A40}.Release|Any CPU.ActiveCfg = Release|Any CPU
		{817036C7-E1B8-4F3F-8489-554C7B807A40}.Release|Any CPU.Build.0 = Release|Any CPU
		{8ED5723F-0658-4C75-8342-5AF439DA9015}.Debug|Any CPU.ActiveCfg = Debug|Any CPU
		{8ED5723F-0658-4C75-8342-5AF439DA9015}.Debug|Any CPU.Build.0 = Debug|Any CPU
		{8ED5723F-0658-4C75-8342-5AF439DA9015}.Release|Any CPU.ActiveCfg = Release|Any CPU
		{8ED5723F-0658-4C75-8342-5AF439DA9015}.Release|Any CPU.Build.0 = Release|Any CPU
		{9ADC02A6-EE27-43DA-A904-B586F05F8D7C}.Debug|Any CPU.ActiveCfg = Debug|Any CPU
		{9ADC02A6-EE27-43DA-A904-B586F05F8D7C}.Debug|Any CPU.Build.0 = Debug|Any CPU
		{9ADC02A6-EE27-43DA-A904-B586F05F8D7C}.Release|Any CPU.ActiveCfg = Release|Any CPU
		{9ADC02A6-EE27-43DA-A904-B586F05F8D7C}.Release|Any CPU.Build.0 = Release|Any CPU
		{1666AFE4-705E-4F2D-A4F1-928A6A438BF3}.Debug|Any CPU.ActiveCfg = Debug|Any CPU
		{1666AFE4-705E-4F2D-A4F1-928A6A438BF3}.Debug|Any CPU.Build.0 = Debug|Any CPU
		{1666AFE4-705E-4F2D-A4F1-928A6A438BF3}.Release|Any CPU.ActiveCfg = Release|Any CPU
		{1666AFE4-705E-4F2D-A4F1-928A6A438BF3}.Release|Any CPU.Build.0 = Release|Any CPU
	EndGlobalSection
	GlobalSection(SolutionProperties) = preSolution
		HideSolutionNode = FALSE
	EndGlobalSection
	GlobalSection(ExtensibilityGlobals) = postSolution
		SolutionGuid = {F8513F82-EBB1-4B8B-BB42-61D21BC96655}
	EndGlobalSection
EndGlobal
