
Microsoft Visual Studio Solution File, Format Version 12.00
# Visual Studio Version 17
VisualStudioVersion = 17.14.36408.4
MinimumVisualStudioVersion = 10.0.40219.1
Project("{FAE04EC0-301F-11D3-BF4B-00C04F79EFBC}") = "Ejercicio1", "Ejercicio1\Ejercicio1.csproj", "{F58B2BAC-0840-492B-A5B2-8136F8A8A7EA}"
EndProject
Project("{FAE04EC0-301F-11D3-BF4B-00C04F79EFBC}") = "Ejercicio2", "Ejercicio2\Ejercicio2.csproj", "{F4D68C01-3B37-42D1-AC6D-E692FCE00C3E}"
EndProject
Project("{FAE04EC0-301F-11D3-BF4B-00C04F79EFBC}") = "Ejercicio3", "Ejercicio3\Ejercicio3.csproj", "{1037A377-9A53-420C-A4FA-67187D70FF50}"
EndProject
Global
	GlobalSection(SolutionConfigurationPlatforms) = preSolution
		Debug|Any CPU = Debug|Any CPU
		Release|Any CPU = Release|Any CPU
	EndGlobalSection
	GlobalSection(ProjectConfigurationPlatforms) = postSolution
		{F58B2BAC-0840-492B-A5B2-8136F8A8A7EA}.Debug|Any CPU.ActiveCfg = Debug|Any CPU
		{F58B2BAC-0840-492B-A5B2-8136F8A8A7EA}.Debug|Any CPU.Build.0 = Debug|Any CPU
		{F58B2BAC-0840-492B-A5B2-8136F8A8A7EA}.Release|Any CPU.ActiveCfg = Release|Any CPU
		{F58B2BAC-0840-492B-A5B2-8136F8A8A7EA}.Release|Any CPU.Build.0 = Release|Any CPU
		{F4D68C01-3B37-42D1-AC6D-E692FCE00C3E}.Debug|Any CPU.ActiveCfg = Debug|Any CPU
		{F4D68C01-3B37-42D1-AC6D-E692FCE00C3E}.Debug|Any CPU.Build.0 = Debug|Any CPU
		{F4D68C01-3B37-42D1-AC6D-E692FCE00C3E}.Release|Any CPU.ActiveCfg = Release|Any CPU
		{F4D68C01-3B37-42D1-AC6D-E692FCE00C3E}.Release|Any CPU.Build.0 = Release|Any CPU
		{1037A377-9A53-420C-A4FA-67187D70FF50}.Debug|Any CPU.ActiveCfg = Debug|Any CPU
		{1037A377-9A53-420C-A4FA-67187D70FF50}.Debug|Any CPU.Build.0 = Debug|Any CPU
		{1037A377-9A53-420C-A4FA-67187D70FF50}.Release|Any CPU.ActiveCfg = Release|Any CPU
		{1037A377-9A53-420C-A4FA-67187D70FF50}.Release|Any CPU.Build.0 = Release|Any CPU
	EndGlobalSection
	GlobalSection(SolutionProperties) = preSolution
		HideSolutionNode = FALSE
	EndGlobalSection
	GlobalSection(ExtensibilityGlobals) = postSolution
		SolutionGuid = {F40881DC-3635-4700-A944-83520DC59F38}
	EndGlobalSection
EndGlobal
