
Microsoft Visual Studio Solution File, Format Version 12.00
# Visual Studio Version 17
VisualStudioVersion = 17.14.36616.10
MinimumVisualStudioVersion = 10.0.40219.1
Project("{FAE04EC0-301F-11D3-BF4B-00C04F79EFBC}") = "UI", "UI\UI.csproj", "{6E0CC8A2-008F-4F1E-B385-06325401F302}"
EndProject
Project("{FAE04EC0-301F-11D3-BF4B-00C04F79EFBC}") = "ControlesPersonalizados", "ControlesPersonalizados\ControlesPersonalizados.csproj", "{B484FEE2-8023-4D77-802D-BDC1D45F2CA0}"
EndProject
Global
	GlobalSection(SolutionConfigurationPlatforms) = preSolution
		Debug|Any CPU = Debug|Any CPU
		Release|Any CPU = Release|Any CPU
	EndGlobalSection
	GlobalSection(ProjectConfigurationPlatforms) = postSolution
		{6E0CC8A2-008F-4F1E-B385-06325401F302}.Debug|Any CPU.ActiveCfg = Debug|Any CPU
		{6E0CC8A2-008F-4F1E-B385-06325401F302}.Debug|Any CPU.Build.0 = Debug|Any CPU
		{6E0CC8A2-008F-4F1E-B385-06325401F302}.Release|Any CPU.ActiveCfg = Release|Any CPU
		{6E0CC8A2-008F-4F1E-B385-06325401F302}.Release|Any CPU.Build.0 = Release|Any CPU
		{B484FEE2-8023-4D77-802D-BDC1D45F2CA0}.Debug|Any CPU.ActiveCfg = Debug|Any CPU
		{B484FEE2-8023-4D77-802D-BDC1D45F2CA0}.Debug|Any CPU.Build.0 = Debug|Any CPU
		{B484FEE2-8023-4D77-802D-BDC1D45F2CA0}.Release|Any CPU.ActiveCfg = Release|Any CPU
		{B484FEE2-8023-4D77-802D-BDC1D45F2CA0}.Release|Any CPU.Build.0 = Release|Any CPU
	EndGlobalSection
	GlobalSection(SolutionProperties) = preSolution
		HideSolutionNode = FALSE
	EndGlobalSection
	GlobalSection(ExtensibilityGlobals) = postSolution
		SolutionGuid = {60A6EBB5-0801-49FF-A1C2-CBCD9A8C27CE}
	EndGlobalSection
EndGlobal
